
Microsoft Visual Studio Solution File, Format Version 12.00
# Visual Studio Version 17
VisualStudioVersion = 17.12.35527.113
MinimumVisualStudioVersion = 10.0.40219.1
Project("{FAE04EC0-301F-11D3-BF4B-00C04F79EFBC}") = "Backend", "Example\Backend.csproj", "{DB7C4987-730B-4E5F-907A-715E1657E8DF}"
EndProject
Project("{FAE04EC0-301F-11D3-BF4B-00C04F79EFBC}") = "CyberStone.Core", "CyberStone.Core\CyberStone.Core.csproj", "{A1A10DD7-76A2-4582-87EF-FC55911CA907}"
EndProject
Global
	GlobalSection(SolutionConfigurationPlatforms) = preSolution
		Debug|Any CPU = Debug|Any CPU
		Debug|x64 = Debug|x64
		Release|Any CPU = Release|Any CPU
		Release|x64 = Release|x64
	EndGlobalSection
	GlobalSection(ProjectConfigurationPlatforms) = postSolution
		{DB7C4987-730B-4E5F-907A-715E1657E8DF}.Debug|Any CPU.ActiveCfg = Debug|Any CPU
		{DB7C4987-730B-4E5F-907A-715E1657E8DF}.Debug|Any CPU.Build.0 = Debug|Any CPU
		{DB7C4987-730B-4E5F-907A-715E1657E8DF}.Debug|x64.ActiveCfg = Debug|Any CPU
		{DB7C4987-730B-4E5F-907A-715E1657E8DF}.Debug|x64.Build.0 = Debug|Any CPU
		{DB7C4987-730B-4E5F-907A-715E1657E8DF}.Release|Any CPU.ActiveCfg = Release|Any CPU
		{DB7C4987-730B-4E5F-907A-715E1657E8DF}.Release|Any CPU.Build.0 = Release|Any CPU
		{DB7C4987-730B-4E5F-907A-715E1657E8DF}.Release|x64.ActiveCfg = Release|Any CPU
		{DB7C4987-730B-4E5F-907A-715E1657E8DF}.Release|x64.Build.0 = Release|Any CPU
		{A1A10DD7-76A2-4582-87EF-FC55911CA907}.Debug|Any CPU.ActiveCfg = Debug|Any CPU
		{A1A10DD7-76A2-4582-87EF-FC55911CA907}.Debug|Any CPU.Build.0 = Debug|Any CPU
		{A1A10DD7-76A2-4582-87EF-FC55911CA907}.Debug|x64.ActiveCfg = Debug|x64
		{A1A10DD7-76A2-4582-87EF-FC55911CA907}.Debug|x64.Build.0 = Debug|x64
		{A1A10DD7-76A2-4582-87EF-FC55911CA907}.Release|Any CPU.ActiveCfg = Release|Any CPU
		{A1A10DD7-76A2-4582-87EF-FC55911CA907}.Release|Any CPU.Build.0 = Release|Any CPU
		{A1A10DD7-76A2-4582-87EF-FC55911CA907}.Release|x64.ActiveCfg = Release|x64
		{A1A10DD7-76A2-4582-87EF-FC55911CA907}.Release|x64.Build.0 = Release|x64
	EndGlobalSection
	GlobalSection(SolutionProperties) = preSolution
		HideSolutionNode = FALSE
	EndGlobalSection
EndGlobal
